<?xml version="1.0" encoding="utf-8"?>
<Project ToolsVersion="4.0" xmlns="http://schemas.microsoft.com/developer/msbuild/2003">
  <ItemGroup>
    <Filter Include="Source Files">
      <UniqueIdentifier>{4FC737F1-C7A5-4376-A066-2A32D752A2FF}</UniqueIdentifier>
      <Extensions>cpp;c;cc;cxx;def;odl;idl;hpj;bat;asm;asmx</Extensions>
    </Filter>
    <Filter Include="Header Files">
      <UniqueIdentifier>{93995380-89BD-4b04-88EB-625FBE52EBFB}</UniqueIdentifier>
      <Extensions>h;hh;hpp;hxx;hm;inl;inc;ipp;xsd</Extensions>
    </Filter>
    <Filter Include="Resource Files">
      <UniqueIdentifier>{67DA6AB6-F800-4c08-8B7A-83BB121AAD01}</UniqueIdentifier>
      <Extensions>rc;ico;cur;bmp;dlg;rc2;rct;bin;rgs;gif;jpg;jpeg;jpe;resx;tiff;tif;png;wav;mfcribbon-ms</Extensions>
    </Filter>
    <Filter Include="Header Files\Vectors">
      <UniqueIdentifier>{5dc69d7f-1f84-4ee4-805c-2741ef61b4dd}</UniqueIdentifier>
    </Filter>
    <Filter Include="Header Files\Matrices">
      <UniqueIdentifier>{282f06f9-1d61-4b40-bc5f-5a5019bab74e}</UniqueIdentifier>
    </Filter>
    <Filter Include="Source Files\Vectors">
      <UniqueIdentifier>{70995759-3fee-4186-897a-eed3533cf158}</UniqueIdentifier>
    </Filter>
    <Filter Include="Source Files\Matrices">
      <UniqueIdentifier>{274c5705-2133-42ec-afc1-dade4c66bf09}</UniqueIdentifier>
    </Filter>
  </ItemGroup>
  <ItemGroup>
    <ClInclude Include="Includes\MathLibrary.h">
      <Filter>Header Files</Filter>
    </ClInclude>
    <ClInclude Include="Includes\Vector3.h">
      <Filter>Header Files\Vectors</Filter>
    </ClInclude>
    <ClInclude Include="Includes\Vector2.h">
      <Filter>Header Files\Vectors</Filter>
    </ClInclude>
    <ClInclude Include="Includes\Matrix3.h">
      <Filter>Header Files\Matrices</Filter>
    </ClInclude>
    <ClInclude Include="Includes\Matrix4.h">
      <Filter>Header Files\Matrices</Filter>
    </ClInclude>
    <ClInclude Include="Includes\Vector4.h">
      <Filter>Header Files\Vectors</Filter>
    </ClInclude>
  </ItemGroup>
  <ItemGroup>
    <ClCompile Include="Vector2.cpp">
      <Filter>Source Files\Vectors</Filter>
    </ClCompile>
    <ClCompile Include="Vector3.cpp">
      <Filter>Source Files\Vectors</Filter>
    </ClCompile>
    <ClCompile Include="Matrix3.cpp">
      <Filter>Source Files\Matrices</Filter>
    </ClCompile>
    <ClCompile Include="Matrix4.cpp">
      <Filter>Source Files\Matrices</Filter>
    </ClCompile>
    <ClCompile Include="Vector4.cpp">
      <Filter>Source Files\Vectors</Filter>
    </ClCompile>
  </ItemGroup>
</Project>