<?xml version="1.0" encoding="utf-8"?>
<Project ToolsVersion="4.0" xmlns="http://schemas.microsoft.com/developer/msbuild/2003">
  <ItemGroup>
    <Filter Include="Source Files">
      <UniqueIdentifier>{4FC737F1-C7A5-4376-A066-2A32D752A2FF}</UniqueIdentifier>
      <Extensions>cpp;c;cc;cxx;def;odl;idl;hpj;bat;asm;asmx</Extensions>
    </Filter>
    <Filter Include="Header Files">
      <UniqueIdentifier>{93995380-89BD-4b04-88EB-625FBE52EBFB}</UniqueIdentifier>
      <Extensions>h;hh;hpp;hxx;hm;inl;inc;ipp;xsd</Extensions>
    </Filter>
    <Filter Include="Resource Files">
      <UniqueIdentifier>{67DA6AB6-F800-4c08-8B7A-83BB121AAD01}</UniqueIdentifier>
      <Extensions>rc;ico;cur;bmp;dlg;rc2;rct;bin;rgs;gif;jpg;jpeg;jpe;resx;tiff;tif;png;wav;mfcribbon-ms</Extensions>
    </Filter>
    <Filter Include="Header Files\Core">
      <UniqueIdentifier>{04eceae4-80e1-496c-bc2d-a020fc087b6e}</UniqueIdentifier>
    </Filter>
    <Filter Include="Header Files\Gameplay">
      <UniqueIdentifier>{b69f3256-5316-4139-a9da-a2ab959d7557}</UniqueIdentifier>
    </Filter>
    <Filter Include="Header Files\Gameplay\Entities">
      <UniqueIdentifier>{80953c38-a4a1-4cec-883f-2cb0ae1e37a1}</UniqueIdentifier>
    </Filter>
    <Filter Include="Source Files\Entities">
      <UniqueIdentifier>{8d1f8978-82bb-4d26-8941-f53ff6cc77c2}</UniqueIdentifier>
    </Filter>
  </ItemGroup>
  <ItemGroup>
    <ClCompile Include="Main.cpp">
      <Filter>Source Files</Filter>
    </ClCompile>
    <ClCompile Include="Scene.cpp">
      <Filter>Source Files</Filter>
    </ClCompile>
    <ClCompile Include="Commander.cpp">
      <Filter>Source Files\Entities</Filter>
    </ClCompile>
    <ClCompile Include="Ship.cpp">
      <Filter>Source Files\Entities</Filter>
    </ClCompile>
    <ClCompile Include="Missile.cpp">
      <Filter>Source Files\Entities</Filter>
    </ClCompile>
    <ClCompile Include="Butterfly.cpp">
      <Filter>Source Files\Entities</Filter>
    </ClCompile>
    <ClCompile Include="Bee.cpp">
      <Filter>Source Files\Entities</Filter>
    </ClCompile>
  </ItemGroup>
  <ItemGroup>
    <ClInclude Include="Includes\olcPixelGameEngine.h">
      <Filter>Header Files\Core</Filter>
    </ClInclude>
    <ClInclude Include="Includes\Constants.h">
      <Filter>Header Files\Core</Filter>
    </ClInclude>
    <ClInclude Include="Includes\Scene.h">
      <Filter>Header Files\Gameplay</Filter>
    </ClInclude>
    <ClInclude Include="Includes\Commander.h">
      <Filter>Header Files\Gameplay\Entities</Filter>
    </ClInclude>
    <ClInclude Include="Includes\Ship.h">
      <Filter>Header Files\Gameplay\Entities</Filter>
    </ClInclude>
    <ClInclude Include="Includes\Missile.h">
      <Filter>Header Files\Gameplay\Entities</Filter>
    </ClInclude>
    <ClInclude Include="Includes\Entities.h">
      <Filter>Header Files\Gameplay\Entities</Filter>
    </ClInclude>
    <ClInclude Include="Includes\Bee.h">
      <Filter>Header Files\Gameplay\Entities</Filter>
    </ClInclude>
    <ClInclude Include="Includes\Butterfly.h">
      <Filter>Header Files\Gameplay\Entities</Filter>
    </ClInclude>
    <ClInclude Include="Includes\olcPGEX_Sound.h">
      <Filter>Header Files\Core</Filter>
    </ClInclude>
  </ItemGroup>
</Project>